
Microsoft Visual Studio Solution File, Format Version 12.00
# Visual Studio 15
VisualStudioVersion = 15.0.27604.0
MinimumVisualStudioVersion = 10.0.40219.1
Project("{8BC9CEB8-8B4A-11D0-8D11-00A0C91BC942}") = "C++ Library", "C++ Library\C++ Library.vcxproj", "{424C891E-F187-47DB-9B0F-E48396D56ACF}"
EndProject
Global
	GlobalSection(SolutionConfigurationPlatforms) = preSolution
		Debug|x64 = Debug|x64
		Debug|x86 = Debug|x86
		Release|x64 = Release|x64
		Release|x86 = Release|x86
	EndGlobalSection
	GlobalSection(ProjectConfigurationPlatforms) = postSolution
		{424C891E-F187-47DB-9B0F-E48396D56ACF}.Debug|x64.ActiveCfg = Debug|x64
		{424C891E-F187-47DB-9B0F-E48396D56ACF}.Debug|x64.Build.0 = Debug|x64
		{424C891E-F187-47DB-9B0F-E48396D56ACF}.Debug|x86.ActiveCfg = Debug|Win32
		{424C891E-F187-47DB-9B0F-E48396D56ACF}.Debug|x86.Build.0 = Debug|Win32
		{424C891E-F187-47DB-9B0F-E48396D56ACF}.Release|x64.ActiveCfg = Release|x64
		{424C891E-F187-47DB-9B0F-E48396D56ACF}.Release|x64.Build.0 = Release|x64
		{424C891E-F187-47DB-9B0F-E48396D56ACF}.Release|x86.ActiveCfg = Release|Win32
		{424C891E-F187-47DB-9B0F-E48396D56ACF}.Release|x86.Build.0 = Release|Win32
	EndGlobalSection
	GlobalSection(SolutionProperties) = preSolution
		HideSolutionNode = FALSE
	EndGlobalSection
	GlobalSection(ExtensibilityGlobals) = postSolution
		SolutionGuid = {98556065-1260-4C63-B5C4-D7A9FBEC1EB6}
	EndGlobalSection
EndGlobal
